
Microsoft Visual Studio Solution File, Format Version 12.00
# Visual Studio Version 17
VisualStudioVersion = 17.4.33122.133
MinimumVisualStudioVersion = 10.0.40219.1
Project("{FAE04EC0-301F-11D3-BF4B-00C04F79EFBC}") = "Avaliação_LPG", "Avaliação_LPG\Avaliação_LPG.csproj", "{C1BC84D8-D20F-4A11-825E-078E2C4016BF}"
EndProject
Global
	GlobalSection(SolutionConfigurationPlatforms) = preSolution
		Debug|Any CPU = Debug|Any CPU
		Release|Any CPU = Release|Any CPU
	EndGlobalSection
	GlobalSection(ProjectConfigurationPlatforms) = postSolution
		{C1BC84D8-D20F-4A11-825E-078E2C4016BF}.Debug|Any CPU.ActiveCfg = Debug|Any CPU
		{C1BC84D8-D20F-4A11-825E-078E2C4016BF}.Debug|Any CPU.Build.0 = Debug|Any CPU
		{C1BC84D8-D20F-4A11-825E-078E2C4016BF}.Release|Any CPU.ActiveCfg = Release|Any CPU
		{C1BC84D8-D20F-4A11-825E-078E2C4016BF}.Release|Any CPU.Build.0 = Release|Any CPU
	EndGlobalSection
	GlobalSection(SolutionProperties) = preSolution
		HideSolutionNode = FALSE
	EndGlobalSection
	GlobalSection(ExtensibilityGlobals) = postSolution
		SolutionGuid = {9E459DD7-EA54-4D0C-A390-EEE19F4D99A4}
	EndGlobalSection
EndGlobal
