
Microsoft Visual Studio Solution File, Format Version 12.00
# Visual Studio Version 17
VisualStudioVersion = 17.4.33122.133
MinimumVisualStudioVersion = 10.0.40219.1
Project("{FAE04EC0-301F-11D3-BF4B-00C04F79EFBC}") = "WindowsFormsApp1", "WindowsFormsApp1\WindowsFormsApp1.csproj", "{37DE831A-61B2-4EAB-AF96-FBE3E6652DD0}"
EndProject
Global
	GlobalSection(SolutionConfigurationPlatforms) = preSolution
		Debug|Any CPU = Debug|Any CPU
		Release|Any CPU = Release|Any CPU
	EndGlobalSection
	GlobalSection(ProjectConfigurationPlatforms) = postSolution
		{37DE831A-61B2-4EAB-AF96-FBE3E6652DD0}.Debug|Any CPU.ActiveCfg = Debug|Any CPU
		{37DE831A-61B2-4EAB-AF96-FBE3E6652DD0}.Debug|Any CPU.Build.0 = Debug|Any CPU
		{37DE831A-61B2-4EAB-AF96-FBE3E6652DD0}.Release|Any CPU.ActiveCfg = Release|Any CPU
		{37DE831A-61B2-4EAB-AF96-FBE3E6652DD0}.Release|Any CPU.Build.0 = Release|Any CPU
	EndGlobalSection
	GlobalSection(SolutionProperties) = preSolution
		HideSolutionNode = FALSE
	EndGlobalSection
	GlobalSection(ExtensibilityGlobals) = postSolution
		SolutionGuid = {DE1CA8FC-9545-4C3C-AC65-3221D2B35BF4}
	EndGlobalSection
EndGlobal
